
Microsoft Visual Studio Solution File, Format Version 12.00
# Visual Studio 14
VisualStudioVersion = 14.0.25420.1
MinimumVisualStudioVersion = 10.0.40219.1
Project("{FAE04EC0-301F-11D3-BF4B-00C04F79EFBC}") = "ShoppingCart", "ShoppingCart\ShoppingCart.csproj", "{E1601F05-B6C9-4D07-88C9-B8E680A2BADF}"
EndProject
Project("{FAE04EC0-301F-11D3-BF4B-00C04F79EFBC}") = "ShoppingCart.Tests", "ShoppingCart.Tests\ShoppingCart.Tests.csproj", "{D1DF0BF9-0C2E-41FA-A957-A508CCB465FE}"
EndProject
Project("{FAE04EC0-301F-11D3-BF4B-00C04F79EFBC}") = "ShoppingCart.DAL", "ShoppingCart.DAL\ShoppingCart.DAL.csproj", "{257866B1-BE92-48B0-ABE0-19EADD5470E6}"
EndProject
Project("{FAE04EC0-301F-11D3-BF4B-00C04F79EFBC}") = "ShoppingCart.DAL.NHibernate", "ShoppingCart.DAL.NHibernate\ShoppingCart.DAL.NHibernate.csproj", "{918D4204-B90D-4BB0-943E-B5C8515E9994}"
EndProject
Project("{FAE04EC0-301F-11D3-BF4B-00C04F79EFBC}") = "ShoppingCart.DAL.NHibernate.Tests", "ShoppingCart.DAL.NHibernate.Tests\ShoppingCart.DAL.NHibernate.Tests.csproj", "{D6D2B744-485E-4FEE-B34D-C228FC05882A}"
EndProject
Project("{FAE04EC0-301F-11D3-BF4B-00C04F79EFBC}") = "ShoppingCartWebApi", "ShoppingCartWebApi\ShoppingCartWebApi.csproj", "{AD96890F-77EC-4F36-A0DE-CA35CF8551F6}"
EndProject
Project("{FAE04EC0-301F-11D3-BF4B-00C04F79EFBC}") = "ShoppingCartWebApi.Tests", "ShoppingCartWebApi.Tests\ShoppingCartWebApi.Tests.csproj", "{186F7190-75E7-4FC1-90E7-AA41CC0FDF89}"
EndProject
Global
	GlobalSection(SolutionConfigurationPlatforms) = preSolution
		Debug|Any CPU = Debug|Any CPU
		Release|Any CPU = Release|Any CPU
	EndGlobalSection
	GlobalSection(ProjectConfigurationPlatforms) = postSolution
		{E1601F05-B6C9-4D07-88C9-B8E680A2BADF}.Debug|Any CPU.ActiveCfg = Debug|Any CPU
		{E1601F05-B6C9-4D07-88C9-B8E680A2BADF}.Debug|Any CPU.Build.0 = Debug|Any CPU
		{E1601F05-B6C9-4D07-88C9-B8E680A2BADF}.Release|Any CPU.ActiveCfg = Release|Any CPU
		{E1601F05-B6C9-4D07-88C9-B8E680A2BADF}.Release|Any CPU.Build.0 = Release|Any CPU
		{D1DF0BF9-0C2E-41FA-A957-A508CCB465FE}.Debug|Any CPU.ActiveCfg = Debug|Any CPU
		{D1DF0BF9-0C2E-41FA-A957-A508CCB465FE}.Debug|Any CPU.Build.0 = Debug|Any CPU
		{D1DF0BF9-0C2E-41FA-A957-A508CCB465FE}.Release|Any CPU.ActiveCfg = Release|Any CPU
		{D1DF0BF9-0C2E-41FA-A957-A508CCB465FE}.Release|Any CPU.Build.0 = Release|Any CPU
		{257866B1-BE92-48B0-ABE0-19EADD5470E6}.Debug|Any CPU.ActiveCfg = Debug|Any CPU
		{257866B1-BE92-48B0-ABE0-19EADD5470E6}.Debug|Any CPU.Build.0 = Debug|Any CPU
		{257866B1-BE92-48B0-ABE0-19EADD5470E6}.Release|Any CPU.ActiveCfg = Release|Any CPU
		{257866B1-BE92-48B0-ABE0-19EADD5470E6}.Release|Any CPU.Build.0 = Release|Any CPU
		{918D4204-B90D-4BB0-943E-B5C8515E9994}.Debug|Any CPU.ActiveCfg = Debug|Any CPU
		{918D4204-B90D-4BB0-943E-B5C8515E9994}.Debug|Any CPU.Build.0 = Debug|Any CPU
		{918D4204-B90D-4BB0-943E-B5C8515E9994}.Release|Any CPU.ActiveCfg = Release|Any CPU
		{918D4204-B90D-4BB0-943E-B5C8515E9994}.Release|Any CPU.Build.0 = Release|Any CPU
		{D6D2B744-485E-4FEE-B34D-C228FC05882A}.Debug|Any CPU.ActiveCfg = Debug|Any CPU
		{D6D2B744-485E-4FEE-B34D-C228FC05882A}.Debug|Any CPU.Build.0 = Debug|Any CPU
		{D6D2B744-485E-4FEE-B34D-C228FC05882A}.Release|Any CPU.ActiveCfg = Release|Any CPU
		{D6D2B744-485E-4FEE-B34D-C228FC05882A}.Release|Any CPU.Build.0 = Release|Any CPU
		{AD96890F-77EC-4F36-A0DE-CA35CF8551F6}.Debug|Any CPU.ActiveCfg = Debug|Any CPU
		{AD96890F-77EC-4F36-A0DE-CA35CF8551F6}.Debug|Any CPU.Build.0 = Debug|Any CPU
		{AD96890F-77EC-4F36-A0DE-CA35CF8551F6}.Release|Any CPU.ActiveCfg = Release|Any CPU
		{AD96890F-77EC-4F36-A0DE-CA35CF8551F6}.Release|Any CPU.Build.0 = Release|Any CPU
		{186F7190-75E7-4FC1-90E7-AA41CC0FDF89}.Debug|Any CPU.ActiveCfg = Debug|Any CPU
		{186F7190-75E7-4FC1-90E7-AA41CC0FDF89}.Debug|Any CPU.Build.0 = Debug|Any CPU
		{186F7190-75E7-4FC1-90E7-AA41CC0FDF89}.Release|Any CPU.ActiveCfg = Release|Any CPU
		{186F7190-75E7-4FC1-90E7-AA41CC0FDF89}.Release|Any CPU.Build.0 = Release|Any CPU
	EndGlobalSection
	GlobalSection(SolutionProperties) = preSolution
		HideSolutionNode = FALSE
	EndGlobalSection
EndGlobal
